# This file is automatically @generated by Poetry 1.4.2 and should not be changed by hand.

[[package]]
name = "psycopg"
version = "3.1.9"
description = "PostgreSQL database adapter for Python"
category = "main"
optional = false
python-versions = ">=3.7"
files = [
    {file = "psycopg-3.1.9-py3-none-any.whl", hash = "sha256:fbbac339274d8733ee70ba9822297af3e8871790a26e967b5ea53e30a4b74dcc"},
    {file = "psycopg-3.1.9.tar.gz", hash = "sha256:ab400f207a8c120bafdd8077916d8f6c0106e809401378708485b016508c30c9"},
]

[package.dependencies]
typing-extensions = ">=4.1"
tzdata = {version = "*", markers = "sys_platform == \"win32\""}

[package.extras]
binary = ["psycopg-binary (==3.1.9)"]
c = ["psycopg-c (==3.1.9)"]
dev = ["black (>=23.1.0)", "dnspython (>=2.1)", "flake8 (>=4.0)", "mypy (>=1.2)", "types-setuptools (>=57.4)", "wheel (>=0.37)"]
docs = ["Sphinx (>=5.0)", "furo (==2022.6.21)", "sphinx-autobuild (>=2021.3.14)", "sphinx-autodoc-typehints (>=1.12)"]
pool = ["psycopg-pool"]
test = ["anyio (>=3.6.2)", "mypy (>=1.2)", "pproxy (>=2.7)", "pytest (>=6.2.5)", "pytest-cov (>=3.0)", "pytest-randomly (>=3.5)"]

[[package]]
name = "psycopg-binary"
version = "3.1.9"
description = "PostgreSQL database adapter for Python -- C optimisation distribution"
category = "main"
optional = false
python-versions = ">=3.7"
files = [
    {file = "psycopg_binary-3.1.9-cp310-cp310-macosx_10_9_x86_64.whl", hash = "sha256:284038cbe3f5a0f3de417af9b5eaa2a9524a3a06211523cf245111c71b566506"},
    {file = "psycopg_binary-3.1.9-cp310-cp310-macosx_11_0_arm64.whl", hash = "sha256:d2cea4bb0b19245c83486868d7c66f73238c4caa266b5b3c3d664d10dab2ab56"},
    {file = "psycopg_binary-3.1.9-cp310-cp310-manylinux_2_17_aarch64.manylinux2014_aarch64.whl", hash = "sha256:dfe5c5c31f59ccb1d1f473466baa93d800138186286e80e251f930e49c80d208"},
    {file = "psycopg_binary-3.1.9-cp310-cp310-manylinux_2_17_i686.manylinux2014_i686.whl", hash = "sha256:82704a899d57c29beba5399d41eab5ef5c238b810d7e25e2d1916d2b34c4b1a3"},
    {file = "psycopg_binary-3.1.9-cp310-cp310-manylinux_2_17_ppc64le.manylinux2014_ppc64le.whl", hash = "sha256:eab449e39db1c429cac79b7aa27e6827aad4995f32137e922db7254f43fed7b5"},
    {file = "psycopg_binary-3.1.9-cp310-cp310-manylinux_2_17_x86_64.manylinux2014_x86_64.whl", hash = "sha256:87e0c97733b11eeca3d24e56df70f3f9d792b2abd46f48be2fb2348ffc3e7e39"},
    {file = "psycopg_binary-3.1.9-cp310-cp310-musllinux_1_1_aarch64.whl", hash = "sha256:81e34d6df54329424944d5ca91b1cc77df6b8a9130cb5480680d56f53d4e485c"},
    {file = "psycopg_binary-3.1.9-cp310-cp310-musllinux_1_1_i686.whl", hash = "sha256:e2f463079d99568a343ed0b766150b30627e9ed41de99fd82e945e7e2bec764a"},
    {file = "psycopg_binary-3.1.9-cp310-cp310-musllinux_1_1_ppc64le.whl", hash = "sha256:f2cbdef6568da21c39dfd45c2074e85eabbd00e1b721832ba94980f01f582dd4"},
    {file = "psycopg_binary-3.1.9-cp310-cp310-musllinux_1_1_x86_64.whl", hash = "sha256:53afb0cc2ebe74651f339e22d05ec082a0f44939715d9138d357852f074fcf55"},
    {file = "psycopg_binary-3.1.9-cp310-cp310-win_amd64.whl", hash = "sha256:09167f106e7685591b4cdf58eff0191fb7435d586f384133a0dd30df646cf409"},
    {file = "psycopg_binary-3.1.9-cp311-cp311-macosx_10_9_x86_64.whl", hash = "sha256:a8aaa47c1791fc05c0229ec1003dd49e13238fba9434e1fc3b879632f749c3c4"},
    {file = "psycopg_binary-3.1.9-cp311-cp311-macosx_11_0_arm64.whl", hash = "sha256:3d91ee0d33ac7b42d0488a9be2516efa2ec00901b81d69566ff34a7a94b66c0b"},
    {file = "psycopg_binary-3.1.9-cp311-cp311-manylinux_2_17_aarch64.manylinux2014_aarch64.whl", hash = "sha256:f5e36504373e5bcdc954b1da1c6fe66379007fe1e329790e8fb72b879a01e097"},
    {file = "psycopg_binary-3.1.9-cp311-cp311-manylinux_2_17_i686.manylinux2014_i686.whl", hash = "sha256:4c1def6c2d28e257325b3b208cf1966343b498282a0f4d390fda7b7e0577da64"},
    {file = "psycopg_binary-3.1.9-cp311-cp311-manylinux_2_17_ppc64le.manylinux2014_ppc64le.whl", hash = "sha256:055537a9c20efe9bf17cb72bd879602eda71de6f737ebafa1953e017c6a37fbe"},
    {file = "psycopg_binary-3.1.9-cp311-cp311-manylinux_2_17_x86_64.manylinux2014_x86_64.whl", hash = "sha256:5b164355d023a91b23dcc4bb3112bc7d6e9b9c938fb5abcb6e54457d2da1f317"},
    {file = "psycopg_binary-3.1.9-cp311-cp311-musllinux_1_1_aarch64.whl", hash = "sha256:03b08545ce1c627f4d5e6384eda2946660c4ba6ceb0a09ae47de07419f725669"},
    {file = "psycopg_binary-3.1.9-cp311-cp311-musllinux_1_1_i686.whl", hash = "sha256:1e31bac3d2d41e6446b20b591f638943328c958f4d1ce13d6f1c5db97c3a8dee"},
    {file = "psycopg_binary-3.1.9-cp311-cp311-musllinux_1_1_ppc64le.whl", hash = "sha256:a274c63c8fb9d419509bed2ef72befc1fd04243972e17e7f5afc5725cb13a560"},
    {file = "psycopg_binary-3.1.9-cp311-cp311-musllinux_1_1_x86_64.whl", hash = "sha256:98d9d156b9ada08c271a79662fc5fcc1731b4d7c1f651ef5843d818d35f15ba0"},
    {file = "psycopg_binary-3.1.9-cp311-cp311-win_amd64.whl", hash = "sha256:c3a13aa022853891cadbc7256a9804e5989def760115c82334bddf0d19783b0b"},
    {file = "psycopg_binary-3.1.9-cp37-cp37m-macosx_10_9_x86_64.whl", hash = "sha256:b1a321ef3579a8de0545ade6ff1edfde0c88b8847d58c5615c03751c76054796"},
    {file = "psycopg_binary-3.1.9-cp37-cp37m-manylinux_2_17_aarch64.manylinux2014_aarch64.whl", hash = "sha256:5833bda4c14f24c6a8ac08d3c5712acaa4f35aab31f9ccd2265e9e9a7d0151c8"},
    {file = "psycopg_binary-3.1.9-cp37-cp37m-manylinux_2_17_i686.manylinux2014_i686.whl", hash = "sha256:a207d5a7f4212443b7452851c9ccd88df9c6d4d58fa2cea2ead4dd9cb328e578"},
    {file = "psycopg_binary-3.1.9-cp37-cp37m-manylinux_2_17_ppc64le.manylinux2014_ppc64le.whl", hash = "sha256:07414daa86662f7657e9fabe49af85a32a975e92e6568337887d9c9ffedc224f"},
    {file = "psycopg_binary-3.1.9-cp37-cp37m-manylinux_2_17_x86_64.manylinux2014_x86_64.whl", hash = "sha256:17c5d4936c746f5125c6ef9eb43655e27d4d0c9ffe34c3073878b43c3192511d"},
    {file = "psycopg_binary-3.1.9-cp37-cp37m-musllinux_1_1_aarch64.whl", hash = "sha256:5cdc13c8ec1437240801e43d07e27ff6479ac9dd8583ecf647345bfd2e8390e4"},
    {file = "psycopg_binary-3.1.9-cp37-cp37m-musllinux_1_1_i686.whl", hash = "sha256:3836bdaf030a5648bd5f5b452e4b068b265e28f9199060c5b70dbf4a218cde6e"},
    {file = "psycopg_binary-3.1.9-cp37-cp37m-musllinux_1_1_ppc64le.whl", hash = "sha256:96725d9691a84a21eb3e81c884a2e043054e33e176801a57a05e9ac38d142c6e"},
    {file = "psycopg_binary-3.1.9-cp37-cp37m-musllinux_1_1_x86_64.whl", hash = "sha256:dade344aa90bb0b57d1cfc13304ed83ab9a36614b8ddd671381b2de72fe1483d"},
    {file = "psycopg_binary-3.1.9-cp37-cp37m-win_amd64.whl", hash = "sha256:db866cc557d9761036771d666d17fa4176c537af7e6098f42a6bf8f64217935f"},
    {file = "psycopg_binary-3.1.9-cp38-cp38-macosx_10_9_x86_64.whl", hash = "sha256:3b62545cc64dd69ea0ae5ffe18d7c97e03660ab8244aa8c5172668a21c41daa0"},
    {file = "psycopg_binary-3.1.9-cp38-cp38-macosx_11_0_arm64.whl", hash = "sha256:058ab0d79be0b229338f0e61fec6f475077518cba63c22c593645a69f01c3e23"},
    {file = "psycopg_binary-3.1.9-cp38-cp38-manylinux_2_17_aarch64.manylinux2014_aarch64.whl", hash = "sha256:2340ca2531f69e5ebd9d18987362ba57ed6ab6a271511d8026814a46a2a87b59"},
    {file = "psycopg_binary-3.1.9-cp38-cp38-manylinux_2_17_i686.manylinux2014_i686.whl", hash = "sha256:3b816ce0e27a2a8786d34b61d3e36e01029245025879d64b88554326b794a4f0"},
    {file = "psycopg_binary-3.1.9-cp38-cp38-manylinux_2_17_ppc64le.manylinux2014_ppc64le.whl", hash = "sha256:7b36fe4314a784fbe45c9fd71c902b9bf57341aff9b97c0cbd22f8409a271e2f"},
    {file = "psycopg_binary-3.1.9-cp38-cp38-manylinux_2_17_x86_64.manylinux2014_x86_64.whl", hash = "sha256:b246fed629482b06f938b23e9281c4af592329daa3ec2cd4a6841ccbfdeb4d68"},
    {file = "psycopg_binary-3.1.9-cp38-cp38-musllinux_1_1_aarch64.whl", hash = "sha256:90787ac05b932c0fc678cbf470ccea9c385b8077583f0490136b4569ed3fb652"},
    {file = "psycopg_binary-3.1.9-cp38-cp38-musllinux_1_1_i686.whl", hash = "sha256:9c114f678e8f4a96530fa79cfd84f65f26358ecfc6cca70cfa2d5e3ae5ef217a"},
    {file = "psycopg_binary-3.1.9-cp38-cp38-musllinux_1_1_ppc64le.whl", hash = "sha256:3a82e77400d1ef6c5bbcf3e600e8bdfacf1a554512f96c090c43ceca3d1ce3b6"},
    {file = "psycopg_binary-3.1.9-cp38-cp38-musllinux_1_1_x86_64.whl", hash = "sha256:c7d990f14a37345ca05a5192cd5ac938c9cbedca9c929872af6ae311158feb0e"},
    {file = "psycopg_binary-3.1.9-cp38-cp38-win_amd64.whl", hash = "sha256:e0ca74fd85718723bb9f08e0c6898e901a0c365aef20b3c3a4ef8709125d6210"},
    {file = "psycopg_binary-3.1.9-cp39-cp39-macosx_10_9_x86_64.whl", hash = "sha256:ce8f4dea5934aa6c4933e559c74bef4beb3413f51fbcf17f306ce890216ac33a"},
    {file = "psycopg_binary-3.1.9-cp39-cp39-macosx_11_0_arm64.whl", hash = "sha256:f41a9e0de4db194c053bcc7c00c35422a4d19d92a8187e8065b1c560626efe35"},
    {file = "psycopg_binary-3.1.9-cp39-cp39-manylinux_2_17_aarch64.manylinux2014_aarch64.whl", hash = "sha256:2f94a7985135e084e122b143956c6f589d17aef743ecd0a434a3d3a222631d5a"},
    {file = "psycopg_binary-3.1.9-cp39-cp39-manylinux_2_17_i686.manylinux2014_i686.whl", hash = "sha256:3bb86d58b90faefdc0bbedf08fdea4cc2afcb1cfa4340f027d458bfd01d8b812"},
    {file = "psycopg_binary-3.1.9-cp39-cp39-manylinux_2_17_ppc64le.manylinux2014_ppc64le.whl", hash = "sha256:6c696dc84f9ff155761df15779181d8e4af7746b98908e130add8259912e4bb7"},
    {file = "psycopg_binary-3.1.9-cp39-cp39-manylinux_2_17_x86_64.manylinux2014_x86_64.whl", hash = "sha256:4213953da44324850c8f789301cf665f46fb94301ba403301e7af58546c3a428"},
    {file = "psycopg_binary-3.1.9-cp39-cp39-musllinux_1_1_aarch64.whl", hash = "sha256:25e3ce947aaaa1bd9f1920fca76d7281660646304f9ea5bc036b201dd8790655"},
    {file = "psycopg_binary-3.1.9-cp39-cp39-musllinux_1_1_i686.whl", hash = "sha256:9c75be2a9b986139e3ff6bc0a2852081ac00811040f9b82d3aa539821311122e"},
    {file = "psycopg_binary-3.1.9-cp39-cp39-musllinux_1_1_ppc64le.whl", hash = "sha256:63e8d1dbe253657c70dbfa9c59423f4654d82698fc5ed6868b8dc0765abe20b6"},
    {file = "psycopg_binary-3.1.9-cp39-cp39-musllinux_1_1_x86_64.whl", hash = "sha256:f4da4ca9b2365fc1d3fc741c3bbd3efccd892ce813444b884c8911a1acf1c932"},
    {file = "psycopg_binary-3.1.9-cp39-cp39-win_amd64.whl", hash = "sha256:c0b8d6bbeff1dba760a208d8bc205a05b745e6cee02b839f969f72cf56a8b80d"},
]

[[package]]
name = "typing-extensions"
version = "4.5.0"
description = "Backported and Experimental Type Hints for Python 3.7+"
category = "main"
optional = false
python-versions = ">=3.7"
files = [
    {file = "typing_extensions-4.5.0-py3-none-any.whl", hash = "sha256:fb33085c39dd998ac16d1431ebc293a8b3eedd00fd4a32de0ff79002c19511b4"},
    {file = "typing_extensions-4.5.0.tar.gz", hash = "sha256:5cb5f4a79139d699607b3ef622a1dedafa84e115ab0024e0d9c044a9479ca7cb"},
]

[[package]]
name = "tzdata"
version = "2023.3"
description = "Provider of IANA time zone data"
category = "main"
optional = false
python-versions = ">=2"
files = [
    {file = "tzdata-2023.3-py2.py3-none-any.whl", hash = "sha256:7e65763eef3120314099b6939b5546db7adce1e7d6f2e179e3df563c70511eda"},
    {file = "tzdata-2023.3.tar.gz", hash = "sha256:11ef1e08e54acb0d4f95bdb1be05da659673de4acbd21bf9c69e94cc5e907a3a"},
]

[metadata]
lock-version = "2.0"
python-versions = "^3.11"
content-hash = "d13a20aef17b919144f98f822e650d17ee915723b52713d29ed0de737806a428"
